Microsoft Visual Studio Solution File, Format Version 12.00
# Visual Studio Version 17
VisualStudioVersion = 17.5.2.0
MinimumVisualStudioVersion = 10.0.40219.1
Project("{FAE04EC0-301F-11D3-BF4B-00C04F79EFBC}") = "GestionnaireLivresWinForms", "GestionnaireLivresWinForms\GestionnaireLivresWinForms.csproj", "{07619CEA-2C24-EE43-C7B4-D44903020016}"
EndProject
Project("{FAE04EC0-301F-11D3-BF4B-00C04F79EFBC}") = "GestionnaireLivresWPF", "GestionnaireLivresWPF\GestionnaireLivresWPF.csproj", "{F86D0C33-8597-C137-B18F-601A357C5118}"
EndProject
Global
	GlobalSection(SolutionConfigurationPlatforms) = preSolution
		Debug|Any CPU = Debug|Any CPU
		Release|Any CPU = Release|Any CPU
	EndGlobalSection
	GlobalSection(ProjectConfigurationPlatforms) = postSolution
		{07619CEA-2C24-EE43-C7B4-D44903020016}.Debug|Any CPU.ActiveCfg = Debug|Any CPU
		{07619CEA-2C24-EE43-C7B4-D44903020016}.Debug|Any CPU.Build.0 = Debug|Any CPU
		{07619CEA-2C24-EE43-C7B4-D44903020016}.Release|Any CPU.ActiveCfg = Release|Any CPU
		{07619CEA-2C24-EE43-C7B4-D44903020016}.Release|Any CPU.Build.0 = Release|Any CPU
		{F86D0C33-8597-C137-B18F-601A357C5118}.Debug|Any CPU.ActiveCfg = Debug|Any CPU
		{F86D0C33-8597-C137-B18F-601A357C5118}.Debug|Any CPU.Build.0 = Debug|Any CPU
		{F86D0C33-8597-C137-B18F-601A357C5118}.Release|Any CPU.ActiveCfg = Release|Any CPU
		{F86D0C33-8597-C137-B18F-601A357C5118}.Release|Any CPU.Build.0 = Release|Any CPU
	EndGlobalSection
	GlobalSection(SolutionProperties) = preSolution
		HideSolutionNode = FALSE
	EndGlobalSection
	GlobalSection(ExtensibilityGlobals) = postSolution
		SolutionGuid = {BEDB74C7-89AD-4608-8737-4CBBCB004974}
	EndGlobalSection
EndGlobal
